[tools.actionlint]
version = "1.7.7"
backend = "aqua:rhysd/actionlint"

[tools.actionlint.checksums]
"actionlint_1.7.7_linux_amd64.tar.gz" = "sha256:023070a287cd8cccd71515fedc843f1985bf96c436b7effaecce67290e7e0757"

[tools.gh]
version = "2.74.2"
backend = "aqua:cli/cli"

[tools.gh.checksums]
"gh_2.74.2_linux_amd64.tar.gz" = "sha256:c421091ae5800390e6aef1f50bfda59cc1d4f2ef2200bcd4e1a662c05c28c444"

[tools.git-cliff]
version = "2.9.1"
backend = "aqua:orhun/git-cliff"

[tools.git-cliff.checksums]
"git-cliff-2.9.1-x86_64-unknown-linux-musl.tar.gz" = "sha512:edbe32578c2160cdf8e93b7b00eefc11bcbe5cf17ac6fc77e7b2d29a3532bdb7a33825d8c364a1237956c4311b8bab2b9c8c44cdda700e276b7cde32bb791771"

[tools.go]
version = "1.24.4"
backend = "core:go"

[tools.go.checksums]
"go1.24.4.linux-amd64.tar.gz" = "sha256:77e5da33bb72aeaef1ba4418b6fe511bc4d041873cbf82e5aa6318740df98717"

[tools."go:go.uber.org/mock/mockgen"]
version = "0.5.2"
backend = "go:go.uber.org/mock/mockgen"

[tools.golangci-lint]
version = "2.1.6"
backend = "aqua:golangci/golangci-lint"

[tools.golangci-lint.checksums]
"golangci-lint-2.1.6-linux-amd64.tar.gz" = "sha256:e55e0eb515936c0fbd178bce504798a9bd2f0b191e5e357768b18fd5415ee541"

[tools."ubi:gotestyourself/gotestsum"]
version = "1.12.3"
backend = "ubi:gotestyourself/gotestsum"

[tools."ubi:gotestyourself/gotestsum".checksums]
gotestsum-linux-x86_64 = "sha256:2e505a9368568aa7422e0a90ef77acc8807c0d3272ab81c7a69e3e8688d1cf65"
