[tools.act]
version = "0.2.77"
backend = "aqua:nektos/act"

[tools.act.checksums]
"act_Linux_x86_64.tar.gz" = "sha256:be48669e49cfed33d36f4c34c4fce2722c8261a47b174d66cee751a219e75d8e"

[tools.git-cliff]
version = "2.8.0"
backend = "aqua:orhun/git-cliff"

[tools.go]
version = "1.24.3"
backend = "core:go"

[tools.go.checksums]
"go1.24.3.linux-amd64.tar.gz" = "sha256:3333f6ea53afa971e9078895eaa4ac7204a8c6b5c68c10e6bc9a33e8e391bdd8"

[tools."go:go.uber.org/mock/mockgen"]
version = "latest"
backend = "go:go.uber.org/mock/mockgen"

[tools.golangci-lint]
version = "2.1.6"
backend = "aqua:golangci/golangci-lint"

[tools.golangci-lint.checksums]
"golangci-lint-2.1.6-linux-amd64.tar.gz" = "sha256:e55e0eb515936c0fbd178bce504798a9bd2f0b191e5e357768b18fd5415ee541"

[tools.goreleaser]
version = "2.9.0"
backend = "aqua:goreleaser/goreleaser"

[tools.goreleaser.checksums]
"goreleaser_Linux_x86_64.tar.gz" = "sha256:a066fcd713684abed0d750d7559f1a5d794fa2faa8e8f1ad2eecec8c373668a7"

[tools.shellcheck]
version = "0.10.0"
backend = "ubi:koalaman/shellcheck"

[tools."ubi:gotestyourself/gotestsum"]
version = "1.12.2"
backend = "ubi:gotestyourself/gotestsum"

[tools."ubi:tcnksm/ghr"]
version = "0.17.0"
backend = "ubi:tcnksm/ghr"
